
Microsoft Visual Studio Solution File, Format Version 12.00
# Visual Studio 2015
Project("{FAE04EC0-301F-11D3-BF4B-00C04F79EFBC}") = "FirstMen.CSharp.Plugins", "FirstMen.CSharp.Plugins.csproj", "{12F65360-78A2-40A3-3225-CCECC983BCA3}"
EndProject
Project("{FAE04EC0-301F-11D3-BF4B-00C04F79EFBC}") = "FirstMen.CSharp", "FirstMen.CSharp.csproj", "{E1E09CA6-507D-45F3-69D2-F172CAADDB39}"
EndProject
Global
	GlobalSection(SolutionConfigurationPlatforms) = preSolution
		Debug|Any CPU = Debug|Any CPU
		Release|Any CPU = Release|Any CPU
	EndGlobalSection
	GlobalSection(ProjectConfigurationPlatforms) = postSolution
		{12F65360-78A2-40A3-3225-CCECC983BCA3}.Debug|Any CPU.ActiveCfg = Debug|Any CPU
		{12F65360-78A2-40A3-3225-CCECC983BCA3}.Debug|Any CPU.Build.0 = Debug|Any CPU
		{12F65360-78A2-40A3-3225-CCECC983BCA3}.Release|Any CPU.ActiveCfg = Release|Any CPU
		{12F65360-78A2-40A3-3225-CCECC983BCA3}.Release|Any CPU.Build.0 = Release|Any CPU
		{E1E09CA6-507D-45F3-69D2-F172CAADDB39}.Debug|Any CPU.ActiveCfg = Debug|Any CPU
		{E1E09CA6-507D-45F3-69D2-F172CAADDB39}.Debug|Any CPU.Build.0 = Debug|Any CPU
		{E1E09CA6-507D-45F3-69D2-F172CAADDB39}.Release|Any CPU.ActiveCfg = Release|Any CPU
		{E1E09CA6-507D-45F3-69D2-F172CAADDB39}.Release|Any CPU.Build.0 = Release|Any CPU
	EndGlobalSection
	GlobalSection(SolutionProperties) = preSolution
		HideSolutionNode = FALSE
	EndGlobalSection
EndGlobal
